// !$*UTF8*$!
{
	archiveVersion = 1;
	classes = {
	};
	objectVersion = 46;
	objects = {

/* Begin PBXBuildFile section */
		06AB9F2ACA17EC5FE1C9682D /* Pods_LandmarkRemark.framework in Frameworks */ = {isa = PBXBuildFile; fileRef = FF31A93A47773A594937F015 /* Pods_LandmarkRemark.framework */; };
		0E2C6B331D03E028000CB8A1 /* AnnotationViewModel.swift in Sources */ = {isa = PBXBuildFile; fileRef = 0E2C6B321D03E028000CB8A1 /* AnnotationViewModel.swift */; };
		0E2C6B391D041C1C000CB8A1 /* LandmarkRemarkService.swift in Sources */ = {isa = PBXBuildFile; fileRef = 0E2C6B381D041C1C000CB8A1 /* LandmarkRemarkService.swift */; };
		0E2C6B3B1D043AF8000CB8A1 /* ServiceHelper.swift in Sources */ = {isa = PBXBuildFile; fileRef = 0E2C6B3A1D043AF8000CB8A1 /* ServiceHelper.swift */; };
		0E5B989F1E5AE4D900FB7AAC /* LandmarkRemarkTests.swift in Sources */ = {isa = PBXBuildFile; fileRef = 0E5B989E1E5AE4D900FB7AAC /* LandmarkRemarkTests.swift */; };
		0E6192BB1D06CD50009D2B3E /* ListingViewController.swift in Sources */ = {isa = PBXBuildFile; fileRef = 0E6192B91D06CD50009D2B3E /* ListingViewController.swift */; };
		0E6192C51D06D023009D2B3E /* LandmarkCustomCell.swift in Sources */ = {isa = PBXBuildFile; fileRef = 0E6192C31D06D023009D2B3E /* LandmarkCustomCell.swift */; };
		0E6192C61D06D023009D2B3E /* LandmarkCustomCell.xib in Resources */ = {isa = PBXBuildFile; fileRef = 0E6192C41D06D023009D2B3E /* LandmarkCustomCell.xib */; };
		0E6192C81D06D4DC009D2B3E /* ListingViewModel.swift in Sources */ = {isa = PBXBuildFile; fileRef = 0E6192C71D06D4DC009D2B3E /* ListingViewModel.swift */; };
		0EBF17531D02BFDD006E805E /* Utils.swift in Sources */ = {isa = PBXBuildFile; fileRef = 0EBF17521D02BFDD006E805E /* Utils.swift */; };
		0EBF17551D02C0B4006E805E /* Font.swift in Sources */ = {isa = PBXBuildFile; fileRef = 0EBF17541D02C0B4006E805E /* Font.swift */; };
		0EBF17571D02E1DC006E805E /* Color.swift in Sources */ = {isa = PBXBuildFile; fileRef = 0EBF17561D02E1DC006E805E /* Color.swift */; };
		0EBF175E1D0306ED006E805E /* UserAuthenticationService.swift in Sources */ = {isa = PBXBuildFile; fileRef = 0EBF175D1D0306ED006E805E /* UserAuthenticationService.swift */; };
		0EBF17621D0308CE006E805E /* Landmark.swift in Sources */ = {isa = PBXBuildFile; fileRef = 0EBF17611D0308CE006E805E /* Landmark.swift */; };
		0EBF17681D0312C7006E805E /* LoginSignUpViewModel.swift in Sources */ = {isa = PBXBuildFile; fileRef = 0EBF17671D0312C7006E805E /* LoginSignUpViewModel.swift */; };
		0EBF176E1D03166D006E805E /* LandmarksViewModel.swift in Sources */ = {isa = PBXBuildFile; fileRef = 0EBF176D1D03166D006E805E /* LandmarksViewModel.swift */; };
		0EBF17701D03C35A006E805E /* LandmarksViewController.swift in Sources */ = {isa = PBXBuildFile; fileRef = 0EBF176F1D03C35A006E805E /* LandmarksViewController.swift */; };
		0EBF17741D03C79A006E805E /* MapKit.framework in Frameworks */ = {isa = PBXBuildFile; fileRef = 0EBF17731D03C79A006E805E /* MapKit.framework */; };
		0EBF17761D03CD1D006E805E /* CoreLocation.framework in Frameworks */ = {isa = PBXBuildFile; fileRef = 0EBF17751D03CD1D006E805E /* CoreLocation.framework */; };
		0ED3489D1D02A02800D160CB /* AppDelegate.swift in Sources */ = {isa = PBXBuildFile; fileRef = 0ED3489C1D02A02800D160CB /* AppDelegate.swift */; };
		0ED3489F1D02A02800D160CB /* LoginSignupViewController.swift in Sources */ = {isa = PBXBuildFile; fileRef = 0ED3489E1D02A02800D160CB /* LoginSignupViewController.swift */; };
		0ED348A21D02A02800D160CB /* Main.storyboard in Resources */ = {isa = PBXBuildFile; fileRef = 0ED348A01D02A02800D160CB /* Main.storyboard */; };
		0ED348A41D02A02800D160CB /* ImageAssets.xcassets in Resources */ = {isa = PBXBuildFile; fileRef = 0ED348A31D02A02800D160CB /* ImageAssets.xcassets */; };
		0ED348A71D02A02800D160CB /* LaunchScreen.storyboard in Resources */ = {isa = PBXBuildFile; fileRef = 0ED348A51D02A02800D160CB /* LaunchScreen.storyboard */; };
		0EEC35311D08249700D02D9D /* Icon.swift in Sources */ = {isa = PBXBuildFile; fileRef = 0EEC35301D08249700D02D9D /* Icon.swift */; };
/* End PBXBuildFile section */

/* Begin PBXContainerItemProxy section */
		0E5B98A11E5AE4D900FB7AAC /* PBXContainerItemProxy */ = {
			isa = PBXContainerItemProxy;
			containerPortal = 0ED348911D02A02800D160CB /* Project object */;
			proxyType = 1;
			remoteGlobalIDString = 0ED348981D02A02800D160CB;
			remoteInfo = LandmarkRemark;
		};
/* End PBXContainerItemProxy section */

/* Begin PBXFileReference section */
		0E2C6B321D03E028000CB8A1 /* AnnotationViewModel.swift */ = {isa = PBXFileReference; fileEncoding = 4; lastKnownFileType = sourcecode.swift; path = AnnotationViewModel.swift; sourceTree = "<group>"; };
		0E2C6B381D041C1C000CB8A1 /* LandmarkRemarkService.swift */ = {isa = PBXFileReference; fileEncoding = 4; lastKnownFileType = sourcecode.swift; path = LandmarkRemarkService.swift; sourceTree = "<group>"; };
		0E2C6B3A1D043AF8000CB8A1 /* ServiceHelper.swift */ = {isa = PBXFileReference; fileEncoding = 4; lastKnownFileType = sourcecode.swift; path = ServiceHelper.swift; sourceTree = "<group>"; };
		0E5B98871E5AE24900FB7AAC /* LandmarkRemarkTests-Bridging-Header.h */ = {isa = PBXFileReference; lastKnownFileType = sourcecode.c.h; path = "LandmarkRemarkTests-Bridging-Header.h"; sourceTree = "<group>"; };
		0E5B989C1E5AE4D900FB7AAC /* LandmarkRemarkTests.xctest */ = {isa = PBXFileReference; explicitFileType = wrapper.cfbundle; includeInIndex = 0; path = LandmarkRemarkTests.xctest; sourceTree = BUILT_PRODUCTS_DIR; };
		0E5B989E1E5AE4D900FB7AAC /* LandmarkRemarkTests.swift */ = {isa = PBXFileReference; lastKnownFileType = sourcecode.swift; path = LandmarkRemarkTests.swift; sourceTree = "<group>"; };
		0E5B98A01E5AE4D900FB7AAC /* Info.plist */ = {isa = PBXFileReference; lastKnownFileType = text.plist.xml; path = Info.plist; sourceTree = "<group>"; };
		0E6192B91D06CD50009D2B3E /* ListingViewController.swift */ = {isa = PBXFileReference; fileEncoding = 4; lastKnownFileType = sourcecode.swift; path = ListingViewController.swift; sourceTree = "<group>"; };
		0E6192C31D06D023009D2B3E /* LandmarkCustomCell.swift */ = {isa = PBXFileReference; fileEncoding = 4; lastKnownFileType = sourcecode.swift; path = LandmarkCustomCell.swift; sourceTree = "<group>"; };
		0E6192C41D06D023009D2B3E /* LandmarkCustomCell.xib */ = {isa = PBXFileReference; fileEncoding = 4; lastKnownFileType = file.xib; path = LandmarkCustomCell.xib; sourceTree = "<group>"; };
		0E6192C71D06D4DC009D2B3E /* ListingViewModel.swift */ = {isa = PBXFileReference; fileEncoding = 4; lastKnownFileType = sourcecode.swift; path = ListingViewModel.swift; sourceTree = "<group>"; };
		0EBF17521D02BFDD006E805E /* Utils.swift */ = {isa = PBXFileReference; fileEncoding = 4; lastKnownFileType = sourcecode.swift; path = Utils.swift; sourceTree = "<group>"; };
		0EBF17541D02C0B4006E805E /* Font.swift */ = {isa = PBXFileReference; fileEncoding = 4; lastKnownFileType = sourcecode.swift; path = Font.swift; sourceTree = "<group>"; };
		0EBF17561D02E1DC006E805E /* Color.swift */ = {isa = PBXFileReference; fileEncoding = 4; lastKnownFileType = sourcecode.swift; path = Color.swift; sourceTree = "<group>"; };
		0EBF175D1D0306ED006E805E /* UserAuthenticationService.swift */ = {isa = PBXFileReference; fileEncoding = 4; lastKnownFileType = sourcecode.swift; path = UserAuthenticationService.swift; sourceTree = "<group>"; };
		0EBF17611D0308CE006E805E /* Landmark.swift */ = {isa = PBXFileReference; fileEncoding = 4; lastKnownFileType = sourcecode.swift; path = Landmark.swift; sourceTree = "<group>"; };
		0EBF17671D0312C7006E805E /* LoginSignUpViewModel.swift */ = {isa = PBXFileReference; fileEncoding = 4; lastKnownFileType = sourcecode.swift; path = LoginSignUpViewModel.swift; sourceTree = "<group>"; };
		0EBF176D1D03166D006E805E /* LandmarksViewModel.swift */ = {isa = PBXFileReference; fileEncoding = 4; lastKnownFileType = sourcecode.swift; path = LandmarksViewModel.swift; sourceTree = "<group>"; };
		0EBF176F1D03C35A006E805E /* LandmarksViewController.swift */ = {isa = PBXFileReference; fileEncoding = 4; lastKnownFileType = sourcecode.swift; path = LandmarksViewController.swift; sourceTree = "<group>"; };
		0EBF17731D03C79A006E805E /* MapKit.framework */ = {isa = PBXFileReference; lastKnownFileType = wrapper.framework; name = MapKit.framework; path = System/Library/Frameworks/MapKit.framework; sourceTree = SDKROOT; };
		0EBF17751D03CD1D006E805E /* CoreLocation.framework */ = {isa = PBXFileReference; lastKnownFileType = wrapper.framework; name = CoreLocation.framework; path = System/Library/Frameworks/CoreLocation.framework; sourceTree = SDKROOT; };
		0ED348991D02A02800D160CB /* LandmarkRemark.app */ = {isa = PBXFileReference; explicitFileType = wrapper.application; includeInIndex = 0; path = LandmarkRemark.app; sourceTree = BUILT_PRODUCTS_DIR; };
		0ED3489C1D02A02800D160CB /* AppDelegate.swift */ = {isa = PBXFileReference; lastKnownFileType = sourcecode.swift; path = AppDelegate.swift; sourceTree = "<group>"; };
		0ED3489E1D02A02800D160CB /* LoginSignupViewController.swift */ = {isa = PBXFileReference; lastKnownFileType = sourcecode.swift; path = LoginSignupViewController.swift; sourceTree = "<group>"; };
		0ED348A11D02A02800D160CB /* Base */ = {isa = PBXFileReference; lastKnownFileType = file.storyboard; name = Base; path = Base.lproj/Main.storyboard; sourceTree = "<group>"; };
		0ED348A31D02A02800D160CB /* ImageAssets.xcassets */ = {isa = PBXFileReference; lastKnownFileType = folder.assetcatalog; path = ImageAssets.xcassets; sourceTree = "<group>"; };
		0ED348A61D02A02800D160CB /* Base */ = {isa = PBXFileReference; lastKnownFileType = file.storyboard; name = Base; path = Base.lproj/LaunchScreen.storyboard; sourceTree = "<group>"; };
		0ED348A81D02A02800D160CB /* Info.plist */ = {isa = PBXFileReference; lastKnownFileType = text.plist.xml; path = Info.plist; sourceTree = "<group>"; };
		0EEC35301D08249700D02D9D /* Icon.swift */ = {isa = PBXFileReference; fileEncoding = 4; lastKnownFileType = sourcecode.swift; path = Icon.swift; sourceTree = "<group>"; };
		114B247D7A95F77F3A3B56D6 /* Pods-LandmarkRemark.release.xcconfig */ = {isa = PBXFileReference; includeInIndex = 1; lastKnownFileType = text.xcconfig; name = "Pods-LandmarkRemark.release.xcconfig"; path = "Pods/Target Support Files/Pods-LandmarkRemark/Pods-LandmarkRemark.release.xcconfig"; sourceTree = "<group>"; };
		150A784489D467342A007B49 /* Pods_LandmarkRemarkTests.framework */ = {isa = PBXFileReference; explicitFileType = wrapper.framework; includeInIndex = 0; path = Pods_LandmarkRemarkTests.framework; sourceTree = BUILT_PRODUCTS_DIR; };
		3155DC77C1440C1B81FBE734 /* Pods-LandmarkRemark.debug.xcconfig */ = {isa = PBXFileReference; includeInIndex = 1; lastKnownFileType = text.xcconfig; name = "Pods-LandmarkRemark.debug.xcconfig"; path = "Pods/Target Support Files/Pods-LandmarkRemark/Pods-LandmarkRemark.debug.xcconfig"; sourceTree = "<group>"; };
		87C7E854E2B9A5791E5C5529 /* Pods_LandmarkRemarkUITests.framework */ = {isa = PBXFileReference; explicitFileType = wrapper.framework; includeInIndex = 0; path = Pods_LandmarkRemarkUITests.framework; sourceTree = BUILT_PRODUCTS_DIR; };
		FF31A93A47773A594937F015 /* Pods_LandmarkRemark.framework */ = {isa = PBXFileReference; explicitFileType = wrapper.framework; includeInIndex = 0; path = Pods_LandmarkRemark.framework; sourceTree = BUILT_PRODUCTS_DIR; };
/* End PBXFileReference section */

/* Begin PBXFrameworksBuildPhase section */
		0E5B98991E5AE4D900FB7AAC /* Frameworks */ = {
			isa = PBXFrameworksBuildPhase;
			buildActionMask = 2147483647;
			files = (
			);
			runOnlyForDeploymentPostprocessing = 0;
		};
		0ED348961D02A02800D160CB /* Frameworks */ = {
			isa = PBXFrameworksBuildPhase;
			buildActionMask = 2147483647;
			files = (
				0EBF17761D03CD1D006E805E /* CoreLocation.framework in Frameworks */,
				0EBF17741D03C79A006E805E /* MapKit.framework in Frameworks */,
				06AB9F2ACA17EC5FE1C9682D /* Pods_LandmarkRemark.framework in Frameworks */,
			);
			runOnlyForDeploymentPostprocessing = 0;
		};
/* End PBXFrameworksBuildPhase section */

/* Begin PBXGroup section */
		0E2C6B311D03E010000CB8A1 /* Views */ = {
			isa = PBXGroup;
			children = (
				0E6192C31D06D023009D2B3E /* LandmarkCustomCell.swift */,
				0E6192C41D06D023009D2B3E /* LandmarkCustomCell.xib */,
			);
			name = Views;
			sourceTree = "<group>";
		};
		0E2C6B3C1D04ECBD000CB8A1 /* StoryBoards */ = {
			isa = PBXGroup;
			children = (
				0ED348A51D02A02800D160CB /* LaunchScreen.storyboard */,
				0ED348A01D02A02800D160CB /* Main.storyboard */,
			);
			name = StoryBoards;
			sourceTree = "<group>";
		};
		0E5B989D1E5AE4D900FB7AAC /* LandmarkRemarkTests */ = {
			isa = PBXGroup;
			children = (
				0E5B989E1E5AE4D900FB7AAC /* LandmarkRemarkTests.swift */,
				0E5B98A01E5AE4D900FB7AAC /* Info.plist */,
			);
			path = LandmarkRemarkTests;
			sourceTree = "<group>";
		};
		0EBF17511D02BFC8006E805E /* GenericHelpers */ = {
			isa = PBXGroup;
			children = (
				0EBF17521D02BFDD006E805E /* Utils.swift */,
				0EBF17541D02C0B4006E805E /* Font.swift */,
				0EBF17561D02E1DC006E805E /* Color.swift */,
				0EEC35301D08249700D02D9D /* Icon.swift */,
			);
			name = GenericHelpers;
			sourceTree = "<group>";
		};
		0EBF17581D0304A7006E805E /* ViewControllers */ = {
			isa = PBXGroup;
			children = (
				0ED3489E1D02A02800D160CB /* LoginSignupViewController.swift */,
				0EBF176F1D03C35A006E805E /* LandmarksViewController.swift */,
				0E6192B91D06CD50009D2B3E /* ListingViewController.swift */,
			);
			name = ViewControllers;
			sourceTree = "<group>";
		};
		0EBF175A1D0304CF006E805E /* Models */ = {
			isa = PBXGroup;
			children = (
				0EBF17611D0308CE006E805E /* Landmark.swift */,
			);
			name = Models;
			sourceTree = "<group>";
		};
		0EBF175B1D0304DC006E805E /* ViewModels */ = {
			isa = PBXGroup;
			children = (
				0E2C6B321D03E028000CB8A1 /* AnnotationViewModel.swift */,
				0EBF17671D0312C7006E805E /* LoginSignUpViewModel.swift */,
				0EBF176D1D03166D006E805E /* LandmarksViewModel.swift */,
				0E6192C71D06D4DC009D2B3E /* ListingViewModel.swift */,
			);
			name = ViewModels;
			sourceTree = "<group>";
		};
		0EBF175C1D030508006E805E /* Services */ = {
			isa = PBXGroup;
			children = (
				0EBF175D1D0306ED006E805E /* UserAuthenticationService.swift */,
				0E2C6B381D041C1C000CB8A1 /* LandmarkRemarkService.swift */,
				0E2C6B3A1D043AF8000CB8A1 /* ServiceHelper.swift */,
			);
			name = Services;
			sourceTree = "<group>";
		};
		0ED348901D02A02800D160CB = {
			isa = PBXGroup;
			children = (
				0ED3489B1D02A02800D160CB /* LandmarkRemark */,
				0ED3489A1D02A02800D160CB /* Products */,
				145923A786A1D71EDADE0485 /* Frameworks */,
				E77EC8A22D1A9D68345EC1B5 /* Pods */,
				0E5B989D1E5AE4D900FB7AAC /* LandmarkRemarkTests */,
				0E5B98871E5AE24900FB7AAC /* LandmarkRemarkTests-Bridging-Header.h */,
			);
			sourceTree = "<group>";
		};
		0ED3489A1D02A02800D160CB /* Products */ = {
			isa = PBXGroup;
			children = (
				0ED348991D02A02800D160CB /* LandmarkRemark.app */,
				0E5B989C1E5AE4D900FB7AAC /* LandmarkRemarkTests.xctest */,
			);
			name = Products;
			sourceTree = "<group>";
		};
		0ED3489B1D02A02800D160CB /* LandmarkRemark */ = {
			isa = PBXGroup;
			children = (
				0ED348A81D02A02800D160CB /* Info.plist */,
				0ED3489C1D02A02800D160CB /* AppDelegate.swift */,
				0ED348A31D02A02800D160CB /* ImageAssets.xcassets */,
				0E2C6B3C1D04ECBD000CB8A1 /* StoryBoards */,
				0EBF17511D02BFC8006E805E /* GenericHelpers */,
				0EBF175C1D030508006E805E /* Services */,
				0EBF175A1D0304CF006E805E /* Models */,
				0E2C6B311D03E010000CB8A1 /* Views */,
				0EBF175B1D0304DC006E805E /* ViewModels */,
				0EBF17581D0304A7006E805E /* ViewControllers */,
			);
			path = LandmarkRemark;
			sourceTree = "<group>";
		};
		145923A786A1D71EDADE0485 /* Frameworks */ = {
			isa = PBXGroup;
			children = (
				0EBF17751D03CD1D006E805E /* CoreLocation.framework */,
				0EBF17731D03C79A006E805E /* MapKit.framework */,
				FF31A93A47773A594937F015 /* Pods_LandmarkRemark.framework */,
				150A784489D467342A007B49 /* Pods_LandmarkRemarkTests.framework */,
				87C7E854E2B9A5791E5C5529 /* Pods_LandmarkRemarkUITests.framework */,
			);
			name = Frameworks;
			sourceTree = "<group>";
		};
		E77EC8A22D1A9D68345EC1B5 /* Pods */ = {
			isa = PBXGroup;
			children = (
				3155DC77C1440C1B81FBE734 /* Pods-LandmarkRemark.debug.xcconfig */,
				114B247D7A95F77F3A3B56D6 /* Pods-LandmarkRemark.release.xcconfig */,
			);
			name = Pods;
			sourceTree = "<group>";
		};
/* End PBXGroup section */

/* Begin PBXNativeTarget section */
		0E5B989B1E5AE4D900FB7AAC /* LandmarkRemarkTests */ = {
			isa = PBXNativeTarget;
			buildConfigurationList = 0E5B98A31E5AE4D900FB7AAC /* Build configuration list for PBXNativeTarget "LandmarkRemarkTests" */;
			buildPhases = (
				0E5B98981E5AE4D900FB7AAC /* Sources */,
				0E5B98991E5AE4D900FB7AAC /* Frameworks */,
				0E5B989A1E5AE4D900FB7AAC /* Resources */,
			);
			buildRules = (
			);
			dependencies = (
				0E5B98A21E5AE4D900FB7AAC /* PBXTargetDependency */,
			);
			name = LandmarkRemarkTests;
			productName = LandmarkRemarkTests;
			productReference = 0E5B989C1E5AE4D900FB7AAC /* LandmarkRemarkTests.xctest */;
			productType = "com.apple.product-type.bundle.unit-test";
		};
		0ED348981D02A02800D160CB /* LandmarkRemark */ = {
			isa = PBXNativeTarget;
			buildConfigurationList = 0ED348C11D02A02800D160CB /* Build configuration list for PBXNativeTarget "LandmarkRemark" */;
			buildPhases = (
				6C61FEF360110995EA1FE7CF /* [CP] Check Pods Manifest.lock */,
				0ED348951D02A02800D160CB /* Sources */,
				0ED348961D02A02800D160CB /* Frameworks */,
				0ED348971D02A02800D160CB /* Resources */,
				02D828069282CBA09B64ACF5 /* [CP] Embed Pods Frameworks */,
				186AFC709ABFF4FE216E15C9 /* [CP] Copy Pods Resources */,
			);
			buildRules = (
			);
			dependencies = (
			);
			name = LandmarkRemark;
			productName = LandmarkRemark;
			productReference = 0ED348991D02A02800D160CB /* LandmarkRemark.app */;
			productType = "com.apple.product-type.application";
		};
/* End PBXNativeTarget section */

/* Begin PBXProject section */
		0ED348911D02A02800D160CB /* Project object */ = {
			isa = PBXProject;
			attributes = {
				LastSwiftUpdateCheck = 0820;
				LastUpgradeCheck = 0730;
				ORGANIZATIONNAME = "Arinjoy Biswas";
				TargetAttributes = {
					0E5B989B1E5AE4D900FB7AAC = {
						CreatedOnToolsVersion = 8.2.1;
						DevelopmentTeam = EZ2BRP5R55;
						ProvisioningStyle = Automatic;
						TestTargetID = 0ED348981D02A02800D160CB;
					};
					0ED348981D02A02800D160CB = {
						CreatedOnToolsVersion = 7.3;
						LastSwiftMigration = 0820;
					};
				};
			};
			buildConfigurationList = 0ED348941D02A02800D160CB /* Build configuration list for PBXProject "LandmarkRemark" */;
			compatibilityVersion = "Xcode 3.2";
			developmentRegion = English;
			hasScannedForEncodings = 0;
			knownRegions = (
				en,
				Base,
			);
			mainGroup = 0ED348901D02A02800D160CB;
			productRefGroup = 0ED3489A1D02A02800D160CB /* Products */;
			projectDirPath = "";
			projectRoot = "";
			targets = (
				0ED348981D02A02800D160CB /* LandmarkRemark */,
				0E5B989B1E5AE4D900FB7AAC /* LandmarkRemarkTests */,
			);
		};
/* End PBXProject section */

/* Begin PBXResourcesBuildPhase section */
		0E5B989A1E5AE4D900FB7AAC /* Resources */ = {
			isa = PBXResourcesBuildPhase;
			buildActionMask = 2147483647;
			files = (
			);
			runOnlyForDeploymentPostprocessing = 0;
		};
		0ED348971D02A02800D160CB /* Resources */ = {
			isa = PBXResourcesBuildPhase;
			buildActionMask = 2147483647;
			files = (
				0E6192C61D06D023009D2B3E /* LandmarkCustomCell.xib in Resources */,
				0ED348A71D02A02800D160CB /* LaunchScreen.storyboard in Resources */,
				0ED348A41D02A02800D160CB /* ImageAssets.xcassets in Resources */,
				0ED348A21D02A02800D160CB /* Main.storyboard in Resources */,
			);
			runOnlyForDeploymentPostprocessing = 0;
		};
/* End PBXResourcesBuildPhase section */

/* Begin PBXShellScriptBuildPhase section */
		02D828069282CBA09B64ACF5 /* [CP] Embed Pods Frameworks */ = {
			isa = PBXShellScriptBuildPhase;
			buildActionMask = 2147483647;
			files = (
			);
			inputPaths = (
			);
			name = "[CP] Embed Pods Frameworks";
			outputPaths = (
			);
			runOnlyForDeploymentPostprocessing = 0;
			shellPath = /bin/sh;
			shellScript = "\"${SRCROOT}/Pods/Target Support Files/Pods-LandmarkRemark/Pods-LandmarkRemark-frameworks.sh\"\n";
			showEnvVarsInLog = 0;
		};
		186AFC709ABFF4FE216E15C9 /* [CP] Copy Pods Resources */ = {
			isa = PBXShellScriptBuildPhase;
			buildActionMask = 2147483647;
			files = (
			);
			inputPaths = (
			);
			name = "[CP] Copy Pods Resources";
			outputPaths = (
			);
			runOnlyForDeploymentPostprocessing = 0;
			shellPath = /bin/sh;
			shellScript = "\"${SRCROOT}/Pods/Target Support Files/Pods-LandmarkRemark/Pods-LandmarkRemark-resources.sh\"\n";
			showEnvVarsInLog = 0;
		};
		6C61FEF360110995EA1FE7CF /* [CP] Check Pods Manifest.lock */ = {
			isa = PBXShellScriptBuildPhase;
			buildActionMask = 2147483647;
			files = (
			);
			inputPaths = (
			);
			name = "[CP] Check Pods Manifest.lock";
			outputPaths = (
			);
			runOnlyForDeploymentPostprocessing = 0;
			shellPath = /bin/sh;
			shellScript = "diff \"${PODS_ROOT}/../Podfile.lock\" \"${PODS_ROOT}/Manifest.lock\" > /dev/null\nif [ $? != 0 ] ; then\n    # print error to STDERR\n    echo \"error: The sandbox is not in sync with the Podfile.lock. Run 'pod install' or update your CocoaPods installation.\" >&2\n    exit 1\nfi\n";
			showEnvVarsInLog = 0;
		};
/* End PBXShellScriptBuildPhase section */

/* Begin PBXSourcesBuildPhase section */
		0E5B98981E5AE4D900FB7AAC /* Sources */ = {
			isa = PBXSourcesBuildPhase;
			buildActionMask = 2147483647;
			files = (
				0E5B989F1E5AE4D900FB7AAC /* LandmarkRemarkTests.swift in Sources */,
			);
			runOnlyForDeploymentPostprocessing = 0;
		};
		0ED348951D02A02800D160CB /* Sources */ = {
			isa = PBXSourcesBuildPhase;
			buildActionMask = 2147483647;
			files = (
				0E6192C51D06D023009D2B3E /* LandmarkCustomCell.swift in Sources */,
				0EBF17551D02C0B4006E805E /* Font.swift in Sources */,
				0ED3489F1D02A02800D160CB /* LoginSignupViewController.swift in Sources */,
				0E6192C81D06D4DC009D2B3E /* ListingViewModel.swift in Sources */,
				0E6192BB1D06CD50009D2B3E /* ListingViewController.swift in Sources */,
				0ED3489D1D02A02800D160CB /* AppDelegate.swift in Sources */,
				0EBF176E1D03166D006E805E /* LandmarksViewModel.swift in Sources */,
				0E2C6B391D041C1C000CB8A1 /* LandmarkRemarkService.swift in Sources */,
				0EBF17621D0308CE006E805E /* Landmark.swift in Sources */,
				0EBF17571D02E1DC006E805E /* Color.swift in Sources */,
				0EBF175E1D0306ED006E805E /* UserAuthenticationService.swift in Sources */,
				0EBF17531D02BFDD006E805E /* Utils.swift in Sources */,
				0EBF17681D0312C7006E805E /* LoginSignUpViewModel.swift in Sources */,
				0EBF17701D03C35A006E805E /* LandmarksViewController.swift in Sources */,
				0E2C6B331D03E028000CB8A1 /* AnnotationViewModel.swift in Sources */,
				0EEC35311D08249700D02D9D /* Icon.swift in Sources */,
				0E2C6B3B1D043AF8000CB8A1 /* ServiceHelper.swift in Sources */,
			);
			runOnlyForDeploymentPostprocessing = 0;
		};
/* End PBXSourcesBuildPhase section */

/* Begin PBXTargetDependency section */
		0E5B98A21E5AE4D900FB7AAC /* PBXTargetDependency */ = {
			isa = PBXTargetDependency;
			target = 0ED348981D02A02800D160CB /* LandmarkRemark */;
			targetProxy = 0E5B98A11E5AE4D900FB7AAC /* PBXContainerItemProxy */;
		};
/* End PBXTargetDependency section */

/* Begin PBXVariantGroup section */
		0ED348A01D02A02800D160CB /* Main.storyboard */ = {
			isa = PBXVariantGroup;
			children = (
				0ED348A11D02A02800D160CB /* Base */,
			);
			name = Main.storyboard;
			sourceTree = "<group>";
		};
		0ED348A51D02A02800D160CB /* LaunchScreen.storyboard */ = {
			isa = PBXVariantGroup;
			children = (
				0ED348A61D02A02800D160CB /* Base */,
			);
			name = LaunchScreen.storyboard;
			sourceTree = "<group>";
		};
/* End PBXVariantGroup section */

/* Begin XCBuildConfiguration section */
		0E5B98A41E5AE4D900FB7AAC /* Debug */ = {
			isa = XCBuildConfiguration;
			buildSettings = {
				BUNDLE_LOADER = "$(TEST_HOST)";
				CLANG_WARN_DOCUMENTATION_COMMENTS = YES;
				CLANG_WARN_INFINITE_RECURSION = YES;
				CLANG_WARN_SUSPICIOUS_MOVE = YES;
				DEVELOPMENT_TEAM = EZ2BRP5R55;
				INFOPLIST_FILE = LandmarkRemarkTests/Info.plist;
				IPHONEOS_DEPLOYMENT_TARGET = 10.2;
				LD_RUNPATH_SEARCH_PATHS = "$(inherited) @executable_path/Frameworks @loader_path/Frameworks";
				PRODUCT_BUNDLE_IDENTIFIER = arin.com.LandmarkRemarkTests;
				PRODUCT_NAME = "$(TARGET_NAME)";
				SWIFT_ACTIVE_COMPILATION_CONDITIONS = DEBUG;
				SWIFT_VERSION = 3.0;
				TEST_HOST = "$(BUILT_PRODUCTS_DIR)/LandmarkRemark.app/LandmarkRemark";
			};
			name = Debug;
		};
		0E5B98A51E5AE4D900FB7AAC /* Release */ = {
			isa = XCBuildConfiguration;
			buildSettings = {
				BUNDLE_LOADER = "$(TEST_HOST)";
				CLANG_WARN_DOCUMENTATION_COMMENTS = YES;
				CLANG_WARN_INFINITE_RECURSION = YES;
				CLANG_WARN_SUSPICIOUS_MOVE = YES;
				DEVELOPMENT_TEAM = EZ2BRP5R55;
				INFOPLIST_FILE = LandmarkRemarkTests/Info.plist;
				IPHONEOS_DEPLOYMENT_TARGET = 10.2;
				LD_RUNPATH_SEARCH_PATHS = "$(inherited) @executable_path/Frameworks @loader_path/Frameworks";
				PRODUCT_BUNDLE_IDENTIFIER = arin.com.LandmarkRemarkTests;
				PRODUCT_NAME = "$(TARGET_NAME)";
				SWIFT_OPTIMIZATION_LEVEL = "-Owholemodule";
				SWIFT_VERSION = 3.0;
				TEST_HOST = "$(BUILT_PRODUCTS_DIR)/LandmarkRemark.app/LandmarkRemark";
			};
			name = Release;
		};
		0ED348BF1D02A02800D160CB /* Debug */ = {
			isa = XCBuildConfiguration;
			buildSettings = {
				ALWAYS_SEARCH_USER_PATHS = NO;
				CLANG_ANALYZER_NONNULL = YES;
				CLANG_CXX_LANGUAGE_STANDARD = "gnu++0x";
				CLANG_CXX_LIBRARY = "libc++";
				CLANG_ENABLE_MODULES = YES;
				CLANG_ENABLE_OBJC_ARC = YES;
				CLANG_WARN_BOOL_CONVERSION = YES;
				CLANG_WARN_CONSTANT_CONVERSION = YES;
				CLANG_WARN_DIRECT_OBJC_ISA_USAGE = YES_ERROR;
				CLANG_WARN_EMPTY_BODY = YES;
				CLANG_WARN_ENUM_CONVERSION = YES;
				CLANG_WARN_INT_CONVERSION = YES;
				CLANG_WARN_OBJC_ROOT_CLASS = YES_ERROR;
				CLANG_WARN_UNREACHABLE_CODE = YES;
				CLANG_WARN__DUPLICATE_METHOD_MATCH = YES;
				"CODE_SIGN_IDENTITY[sdk=iphoneos*]" = "iPhone Developer";
				COPY_PHASE_STRIP = NO;
				DEBUG_INFORMATION_FORMAT = dwarf;
				ENABLE_STRICT_OBJC_MSGSEND = YES;
				ENABLE_TESTABILITY = YES;
				GCC_C_LANGUAGE_STANDARD = gnu99;
				GCC_DYNAMIC_NO_PIC = NO;
				GCC_NO_COMMON_BLOCKS = YES;
				GCC_OPTIMIZATION_LEVEL = 0;
				GCC_PREPROCESSOR_DEFINITIONS = (
					"DEBUG=1",
					"$(inherited)",
				);
				GCC_WARN_64_TO_32_BIT_CONVERSION = YES;
				GCC_WARN_ABOUT_RETURN_TYPE = YES_ERROR;
				GCC_WARN_UNDECLARED_SELECTOR = YES;
				GCC_WARN_UNINITIALIZED_AUTOS = YES_AGGRESSIVE;
				GCC_WARN_UNUSED_FUNCTION = YES;
				GCC_WARN_UNUSED_VARIABLE = YES;
				IPHONEOS_DEPLOYMENT_TARGET = 9.3;
				MTL_ENABLE_DEBUG_INFO = YES;
				ONLY_ACTIVE_ARCH = YES;
				SDKROOT = iphoneos;
				SWIFT_OPTIMIZATION_LEVEL = "-Onone";
				TARGETED_DEVICE_FAMILY = "1,2";
			};
			name = Debug;
		};
		0ED348C01D02A02800D160CB /* Release */ = {
			isa = XCBuildConfiguration;
			buildSettings = {
				ALWAYS_SEARCH_USER_PATHS = NO;
				CLANG_ANALYZER_NONNULL = YES;
				CLANG_CXX_LANGUAGE_STANDARD = "gnu++0x";
				CLANG_CXX_LIBRARY = "libc++";
				CLANG_ENABLE_MODULES = YES;
				CLANG_ENABLE_OBJC_ARC = YES;
				CLANG_WARN_BOOL_CONVERSION = YES;
				CLANG_WARN_CONSTANT_CONVERSION = YES;
				CLANG_WARN_DIRECT_OBJC_ISA_USAGE = YES_ERROR;
				CLANG_WARN_EMPTY_BODY = YES;
				CLANG_WARN_ENUM_CONVERSION = YES;
				CLANG_WARN_INT_CONVERSION = YES;
				CLANG_WARN_OBJC_ROOT_CLASS = YES_ERROR;
				CLANG_WARN_UNREACHABLE_CODE = YES;
				CLANG_WARN__DUPLICATE_METHOD_MATCH = YES;
				"CODE_SIGN_IDENTITY[sdk=iphoneos*]" = "iPhone Developer";
				COPY_PHASE_STRIP = NO;
				DEBUG_INFORMATION_FORMAT = "dwarf-with-dsym";
				ENABLE_NS_ASSERTIONS = NO;
				ENABLE_STRICT_OBJC_MSGSEND = YES;
				GCC_C_LANGUAGE_STANDARD = gnu99;
				GCC_NO_COMMON_BLOCKS = YES;
				GCC_WARN_64_TO_32_BIT_CONVERSION = YES;
				GCC_WARN_ABOUT_RETURN_TYPE = YES_ERROR;
				GCC_WARN_UNDECLARED_SELECTOR = YES;
				GCC_WARN_UNINITIALIZED_AUTOS = YES_AGGRESSIVE;
				GCC_WARN_UNUSED_FUNCTION = YES;
				GCC_WARN_UNUSED_VARIABLE = YES;
				IPHONEOS_DEPLOYMENT_TARGET = 9.3;
				MTL_ENABLE_DEBUG_INFO = NO;
				SDKROOT = iphoneos;
				TARGETED_DEVICE_FAMILY = "1,2";
				VALIDATE_PRODUCT = YES;
			};
			name = Release;
		};
		0ED348C21D02A02800D160CB /* Debug */ = {
			isa = XCBuildConfiguration;
			baseConfigurationReference = 3155DC77C1440C1B81FBE734 /* Pods-LandmarkRemark.debug.xcconfig */;
			buildSettings = {
				ASSETCATALOG_COMPILER_APPICON_NAME = AppIcon;
				INFOPLIST_FILE = LandmarkRemark/Info.plist;
				IPHONEOS_DEPLOYMENT_TARGET = 9.0;
				LD_RUNPATH_SEARCH_PATHS = "$(inherited) @executable_path/Frameworks";
				PRODUCT_BUNDLE_IDENTIFIER = com.arinappy.landmarkremark;
				PRODUCT_NAME = "$(TARGET_NAME)";
				SWIFT_VERSION = 3.0;
				TARGETED_DEVICE_FAMILY = "1,2";
			};
			name = Debug;
		};
		0ED348C31D02A02800D160CB /* Release */ = {
			isa = XCBuildConfiguration;
			baseConfigurationReference = 114B247D7A95F77F3A3B56D6 /* Pods-LandmarkRemark.release.xcconfig */;
			buildSettings = {
				ASSETCATALOG_COMPILER_APPICON_NAME = AppIcon;
				INFOPLIST_FILE = LandmarkRemark/Info.plist;
				IPHONEOS_DEPLOYMENT_TARGET = 9.0;
				LD_RUNPATH_SEARCH_PATHS = "$(inherited) @executable_path/Frameworks";
				PRODUCT_BUNDLE_IDENTIFIER = com.arinappy.landmarkremark;
				PRODUCT_NAME = "$(TARGET_NAME)";
				SWIFT_VERSION = 3.0;
				TARGETED_DEVICE_FAMILY = "1,2";
			};
			name = Release;
		};
/* End XCBuildConfiguration section */

/* Begin XCConfigurationList section */
		0E5B98A31E5AE4D900FB7AAC /* Build configuration list for PBXNativeTarget "LandmarkRemarkTests" */ = {
			isa = XCConfigurationList;
			buildConfigurations = (
				0E5B98A41E5AE4D900FB7AAC /* Debug */,
				0E5B98A51E5AE4D900FB7AAC /* Release */,
			);
			defaultConfigurationIsVisible = 0;
		};
		0ED348941D02A02800D160CB /* Build configuration list for PBXProject "LandmarkRemark" */ = {
			isa = XCConfigurationList;
			buildConfigurations = (
				0ED348BF1D02A02800D160CB /* Debug */,
				0ED348C01D02A02800D160CB /* Release */,
			);
			defaultConfigurationIsVisible = 0;
			defaultConfigurationName = Release;
		};
		0ED348C11D02A02800D160CB /* Build configuration list for PBXNativeTarget "LandmarkRemark" */ = {
			isa = XCConfigurationList;
			buildConfigurations = (
				0ED348C21D02A02800D160CB /* Debug */,
				0ED348C31D02A02800D160CB /* Release */,
			);
			defaultConfigurationIsVisible = 0;
			defaultConfigurationName = Release;
		};
/* End XCConfigurationList section */
	};
	rootObject = 0ED348911D02A02800D160CB /* Project object */;
}
